Microsoft Visual Studio Solution File, Format Version 12.00
# Visual Studio Version 17
VisualStudioVersion = 17.13.35931.197
MinimumVisualStudioVersion = 10.0.40219.1
Project("{FAE04EC0-301F-11D3-BF4B-00C04F79EFBC}") = "HelloWord", "HelloWord\HelloWord.csproj", "{D25F6819-039E-45EA-830B-3CF3B03CC6B2}"
EndProject
Project("{FAE04EC0-301F-11D3-BF4B-00C04F79EFBC}") = "FirstDegree", "FirstDegree\FirstDegree.csproj", "{1E348AB3-4765-4167-AD7D-BAF795D9B284}"
EndProject
Project("{FAE04EC0-301F-11D3-BF4B-00C04F79EFBC}") = "QuadraticEquation", "QuadraticEquation\QuadraticEquation.csproj", "{ADCA76D7-2B42-4DCF-8C1B-084A4704FF44}"
EndProject
Project("{FAE04EC0-301F-11D3-BF4B-00C04F79EFBC}") = "StringInterraction", "StringInterraction\StringInterraction.csproj", "{74FCCA91-41D6-48A3-9F4C-E649C6F6D6DD}"
EndProject
Project("{FAE04EC0-301F-11D3-BF4B-00C04F79EFBC}") = "simpleMath", "simpleMath\simpleMath.csproj", "{8D54E330-20C8-422C-BDB3-066639C733DE}"
EndProject
Project("{FAE04EC0-301F-11D3-BF4B-00C04F79EFBC}") = "CallByReference", "CallByReference\CallByReference.csproj", "{1BE1A14D-1C68-44F7-A282-851C9128F980}"
EndProject
Project("{FAE04EC0-301F-11D3-BF4B-00C04F79EFBC}") = "reviewFor", "reviewFor\reviewFor.csproj", "{673D316D-F715-4556-8E49-5256007CD47F}"
EndProject
Project("{FAE04EC0-301F-11D3-BF4B-00C04F79EFBC}") = "LearnForEach", "LearnForEach\LearnForEach.csproj", "{0C3E0460-76AB-47FE-9910-A4CF8DA8E4BA}"
EndProject
Project("{FAE04EC0-301F-11D3-BF4B-00C04F79EFBC}") = "reviewNestedLood", "reviewNestedLood\reviewNestedLood.csproj", "{32B34CB1-00F5-49B9-A6B4-EC77F1C94FFB}"
EndProject
Project("{FAE04EC0-301F-11D3-BF4B-00C04F79EFBC}") = "OOP1", "OOP1\OOP1.csproj", "{D79D2A70-7E43-4720-A1F9-1B6C11A71B54}"
EndProject
Project("{FAE04EC0-301F-11D3-BF4B-00C04F79EFBC}") = "OOP2", "OOP2\OOP2.csproj", "{6C8ABD0C-F4B4-42D6-87A3-0AB2DB0AE4D6}"
EndProject
Project("{FAE04EC0-301F-11D3-BF4B-00C04F79EFBC}") = "OOP3_Extension Method", "OOP3\OOP3_Extension Method.csproj", "{56796490-4DCE-4296-868F-0ADF8C847DA7}"
EndProject
Project("{FAE04EC0-301F-11D3-BF4B-00C04F79EFBC}") = "OOP2_reuse_as_library", "OOP2_reuse_as_library\OOP2_reuse_as_library.csproj", "{F9F67FA2-787B-4AAD-A0FA-4743C45BDE1A}"
EndProject
Project("{FAE04EC0-301F-11D3-BF4B-00C04F79EFBC}") = "Collection_Generic", "Collection_Generic\Collection_Generic.csproj", "{3E21C6F2-951C-4C21-A737-9532BA7CCA59}"
EndProject
Project("{FAE04EC0-301F-11D3-BF4B-00C04F79EFBC}") = "OOP4_Dictionary", "OOP_Dictionary\OOP4_Dictionary.csproj", "{F4972A96-BD57-4415-A9C0-974794755194}"
EndProject
Project("{2150E333-8FDC-42A3-9474-1A3956D46DE8}") = "Chapter5", "Chapter5", "{02EA681E-C7D8-13C7-8484-4AC65E1B71E8}"
EndProject
Project("{FAE04EC0-301F-11D3-BF4B-00C04F79EFBC}") = "BuilderPattern", "..\..\..\Documents\ki 5\PRN212\Chapter5\Chapter5\BuilderPattern\BuilderPattern.csproj", "{6B594381-3CA0-7247-951D-12F8CFEFE4F4}"
EndProject
Project("{FAE04EC0-301F-11D3-BF4B-00C04F79EFBC}") = "FactoriesPattern", "..\..\..\Documents\ki 5\PRN212\Chapter5\Chapter5\FactoriesPattern\FactoriesPattern.csproj", "{9FC40033-828E-A15F-7364-8E1FFB1B5110}"
EndProject
Project("{FAE04EC0-301F-11D3-BF4B-00C04F79EFBC}") = "ObserverPattern", "..\..\..\Documents\ki 5\PRN212\Chapter5\Chapter5\ObserverPattern\ObserverPattern.csproj", "{CB4BC0DC-6F1F-B9E7-929F-51CCD43BC7F1}"
EndProject
Project("{FAE04EC0-301F-11D3-BF4B-00C04F79EFBC}") = "PrototypePattern", "..\..\..\Documents\ki 5\PRN212\Chapter5\Chapter5\PrototypePattern\PrototypePattern.csproj", "{E36843A9-EB89-4CF4-3132-11CEF4ABABD0}"
EndProject
Project("{FAE04EC0-301F-11D3-BF4B-00C04F79EFBC}") = "SingletonPattern", "..\..\..\Documents\ki 5\PRN212\Chapter5\Chapter5\SingletonPattern\SingletonPattern.csproj", "{8EEE46EF-8278-E455-30D8-F8FFEE724347}"
EndProject
Project("{FAE04EC0-301F-11D3-BF4B-00C04F79EFBC}") = "OOP5_Clone", "OOP5_Clone\OOP5_Clone.csproj", "{3750277A-944C-465B-8827-A4AABCCC0E92}"
EndProject
Global
	GlobalSection(SolutionConfigurationPlatforms) = preSolution
		Debug|Any CPU = Debug|Any CPU
		Release|Any CPU = Release|Any CPU
	EndGlobalSection
	GlobalSection(ProjectConfigurationPlatforms) = postSolution
		{D25F6819-039E-45EA-830B-3CF3B03CC6B2}.Debug|Any CPU.ActiveCfg = Debug|Any CPU
		{D25F6819-039E-45EA-830B-3CF3B03CC6B2}.Debug|Any CPU.Build.0 = Debug|Any CPU
		{D25F6819-039E-45EA-830B-3CF3B03CC6B2}.Release|Any CPU.ActiveCfg = Release|Any CPU
		{D25F6819-039E-45EA-830B-3CF3B03CC6B2}.Release|Any CPU.Build.0 = Release|Any CPU
		{1E348AB3-4765-4167-AD7D-BAF795D9B284}.Debug|Any CPU.ActiveCfg = Debug|Any CPU
		{1E348AB3-4765-4167-AD7D-BAF795D9B284}.Debug|Any CPU.Build.0 = Debug|Any CPU
		{1E348AB3-4765-4167-AD7D-BAF795D9B284}.Release|Any CPU.ActiveCfg = Release|Any CPU
		{1E348AB3-4765-4167-AD7D-BAF795D9B284}.Release|Any CPU.Build.0 = Release|Any CPU
		{ADCA76D7-2B42-4DCF-8C1B-084A4704FF44}.Debug|Any CPU.ActiveCfg = Debug|Any CPU
		{ADCA76D7-2B42-4DCF-8C1B-084A4704FF44}.Debug|Any CPU.Build.0 = Debug|Any CPU
		{ADCA76D7-2B42-4DCF-8C1B-084A4704FF44}.Release|Any CPU.ActiveCfg = Release|Any CPU
		{ADCA76D7-2B42-4DCF-8C1B-084A4704FF44}.Release|Any CPU.Build.0 = Release|Any CPU
		{74FCCA91-41D6-48A3-9F4C-E649C6F6D6DD}.Debug|Any CPU.ActiveCfg = Debug|Any CPU
		{74FCCA91-41D6-48A3-9F4C-E649C6F6D6DD}.Debug|Any CPU.Build.0 = Debug|Any CPU
		{74FCCA91-41D6-48A3-9F4C-E649C6F6D6DD}.Release|Any CPU.ActiveCfg = Release|Any CPU
		{74FCCA91-41D6-48A3-9F4C-E649C6F6D6DD}.Release|Any CPU.Build.0 = Release|Any CPU
		{8D54E330-20C8-422C-BDB3-066639C733DE}.Debug|Any CPU.ActiveCfg = Debug|Any CPU
		{8D54E330-20C8-422C-BDB3-066639C733DE}.Debug|Any CPU.Build.0 = Debug|Any CPU
		{8D54E330-20C8-422C-BDB3-066639C733DE}.Release|Any CPU.ActiveCfg = Release|Any CPU
		{8D54E330-20C8-422C-BDB3-066639C733DE}.Release|Any CPU.Build.0 = Release|Any CPU
		{1BE1A14D-1C68-44F7-A282-851C9128F980}.Debug|Any CPU.ActiveCfg = Debug|Any CPU
		{1BE1A14D-1C68-44F7-A282-851C9128F980}.Debug|Any CPU.Build.0 = Debug|Any CPU
		{1BE1A14D-1C68-44F7-A282-851C9128F980}.Release|Any CPU.ActiveCfg = Release|Any CPU
		{1BE1A14D-1C68-44F7-A282-851C9128F980}.Release|Any CPU.Build.0 = Release|Any CPU
		{673D316D-F715-4556-8E49-5256007CD47F}.Debug|Any CPU.ActiveCfg = Debug|Any CPU
		{673D316D-F715-4556-8E49-5256007CD47F}.Debug|Any CPU.Build.0 = Debug|Any CPU
		{673D316D-F715-4556-8E49-5256007CD47F}.Release|Any CPU.ActiveCfg = Release|Any CPU
		{673D316D-F715-4556-8E49-5256007CD47F}.Release|Any CPU.Build.0 = Release|Any CPU
		{0C3E0460-76AB-47FE-9910-A4CF8DA8E4BA}.Debug|Any CPU.ActiveCfg = Debug|Any CPU
		{0C3E0460-76AB-47FE-9910-A4CF8DA8E4BA}.Debug|Any CPU.Build.0 = Debug|Any CPU
		{0C3E0460-76AB-47FE-9910-A4CF8DA8E4BA}.Release|Any CPU.ActiveCfg = Release|Any CPU
		{0C3E0460-76AB-47FE-9910-A4CF8DA8E4BA}.Release|Any CPU.Build.0 = Release|Any CPU
		{32B34CB1-00F5-49B9-A6B4-EC77F1C94FFB}.Debug|Any CPU.ActiveCfg = Debug|Any CPU
		{32B34CB1-00F5-49B9-A6B4-EC77F1C94FFB}.Debug|Any CPU.Build.0 = Debug|Any CPU
		{32B34CB1-00F5-49B9-A6B4-EC77F1C94FFB}.Release|Any CPU.ActiveCfg = Release|Any CPU
		{32B34CB1-00F5-49B9-A6B4-EC77F1C94FFB}.Release|Any CPU.Build.0 = Release|Any CPU
		{D79D2A70-7E43-4720-A1F9-1B6C11A71B54}.Debug|Any CPU.ActiveCfg = Debug|Any CPU
		{D79D2A70-7E43-4720-A1F9-1B6C11A71B54}.Debug|Any CPU.Build.0 = Debug|Any CPU
		{D79D2A70-7E43-4720-A1F9-1B6C11A71B54}.Release|Any CPU.ActiveCfg = Release|Any CPU
		{D79D2A70-7E43-4720-A1F9-1B6C11A71B54}.Release|Any CPU.Build.0 = Release|Any CPU
		{6C8ABD0C-F4B4-42D6-87A3-0AB2DB0AE4D6}.Debug|Any CPU.ActiveCfg = Debug|Any CPU
		{6C8ABD0C-F4B4-42D6-87A3-0AB2DB0AE4D6}.Debug|Any CPU.Build.0 = Debug|Any CPU
		{6C8ABD0C-F4B4-42D6-87A3-0AB2DB0AE4D6}.Release|Any CPU.ActiveCfg = Release|Any CPU
		{6C8ABD0C-F4B4-42D6-87A3-0AB2DB0AE4D6}.Release|Any CPU.Build.0 = Release|Any CPU
		{56796490-4DCE-4296-868F-0ADF8C847DA7}.Debug|Any CPU.ActiveCfg = Debug|Any CPU
		{56796490-4DCE-4296-868F-0ADF8C847DA7}.Debug|Any CPU.Build.0 = Debug|Any CPU
		{56796490-4DCE-4296-868F-0ADF8C847DA7}.Release|Any CPU.ActiveCfg = Release|Any CPU
		{56796490-4DCE-4296-868F-0ADF8C847DA7}.Release|Any CPU.Build.0 = Release|Any CPU
		{F9F67FA2-787B-4AAD-A0FA-4743C45BDE1A}.Debug|Any CPU.ActiveCfg = Debug|Any CPU
		{F9F67FA2-787B-4AAD-A0FA-4743C45BDE1A}.Debug|Any CPU.Build.0 = Debug|Any CPU
		{F9F67FA2-787B-4AAD-A0FA-4743C45BDE1A}.Release|Any CPU.ActiveCfg = Release|Any CPU
		{F9F67FA2-787B-4AAD-A0FA-4743C45BDE1A}.Release|Any CPU.Build.0 = Release|Any CPU
		{3E21C6F2-951C-4C21-A737-9532BA7CCA59}.Debug|Any CPU.ActiveCfg = Debug|Any CPU
		{3E21C6F2-951C-4C21-A737-9532BA7CCA59}.Debug|Any CPU.Build.0 = Debug|Any CPU
		{3E21C6F2-951C-4C21-A737-9532BA7CCA59}.Release|Any CPU.ActiveCfg = Release|Any CPU
		{3E21C6F2-951C-4C21-A737-9532BA7CCA59}.Release|Any CPU.Build.0 = Release|Any CPU
		{F4972A96-BD57-4415-A9C0-974794755194}.Debug|Any CPU.ActiveCfg = Debug|Any CPU
		{F4972A96-BD57-4415-A9C0-974794755194}.Debug|Any CPU.Build.0 = Debug|Any CPU
		{F4972A96-BD57-4415-A9C0-974794755194}.Release|Any CPU.ActiveCfg = Release|Any CPU
		{F4972A96-BD57-4415-A9C0-974794755194}.Release|Any CPU.Build.0 = Release|Any CPU
		{6B594381-3CA0-7247-951D-12F8CFEFE4F4}.Debug|Any CPU.ActiveCfg = Debug|Any CPU
		{6B594381-3CA0-7247-951D-12F8CFEFE4F4}.Debug|Any CPU.Build.0 = Debug|Any CPU
		{6B594381-3CA0-7247-951D-12F8CFEFE4F4}.Release|Any CPU.ActiveCfg = Release|Any CPU
		{6B594381-3CA0-7247-951D-12F8CFEFE4F4}.Release|Any CPU.Build.0 = Release|Any CPU
		{9FC40033-828E-A15F-7364-8E1FFB1B5110}.Debug|Any CPU.ActiveCfg = Debug|Any CPU
		{9FC40033-828E-A15F-7364-8E1FFB1B5110}.Debug|Any CPU.Build.0 = Debug|Any CPU
		{9FC40033-828E-A15F-7364-8E1FFB1B5110}.Release|Any CPU.ActiveCfg = Release|Any CPU
		{9FC40033-828E-A15F-7364-8E1FFB1B5110}.Release|Any CPU.Build.0 = Release|Any CPU
		{CB4BC0DC-6F1F-B9E7-929F-51CCD43BC7F1}.Debug|Any CPU.ActiveCfg = Debug|Any CPU
		{CB4BC0DC-6F1F-B9E7-929F-51CCD43BC7F1}.Debug|Any CPU.Build.0 = Debug|Any CPU
		{CB4BC0DC-6F1F-B9E7-929F-51CCD43BC7F1}.Release|Any CPU.ActiveCfg = Release|Any CPU
		{CB4BC0DC-6F1F-B9E7-929F-51CCD43BC7F1}.Release|Any CPU.Build.0 = Release|Any CPU
		{E36843A9-EB89-4CF4-3132-11CEF4ABABD0}.Debug|Any CPU.ActiveCfg = Debug|Any CPU
		{E36843A9-EB89-4CF4-3132-11CEF4ABABD0}.Debug|Any CPU.Build.0 = Debug|Any CPU
		{E36843A9-EB89-4CF4-3132-11CEF4ABABD0}.Release|Any CPU.ActiveCfg = Release|Any CPU
		{E36843A9-EB89-4CF4-3132-11CEF4ABABD0}.Release|Any CPU.Build.0 = Release|Any CPU
		{8EEE46EF-8278-E455-30D8-F8FFEE724347}.Debug|Any CPU.ActiveCfg = Debug|Any CPU
		{8EEE46EF-8278-E455-30D8-F8FFEE724347}.Debug|Any CPU.Build.0 = Debug|Any CPU
		{8EEE46EF-8278-E455-30D8-F8FFEE724347}.Release|Any CPU.ActiveCfg = Release|Any CPU
		{8EEE46EF-8278-E455-30D8-F8FFEE724347}.Release|Any CPU.Build.0 = Release|Any CPU
		{3750277A-944C-465B-8827-A4AABCCC0E92}.Debug|Any CPU.ActiveCfg = Debug|Any CPU
		{3750277A-944C-465B-8827-A4AABCCC0E92}.Debug|Any CPU.Build.0 = Debug|Any CPU
		{3750277A-944C-465B-8827-A4AABCCC0E92}.Release|Any CPU.ActiveCfg = Release|Any CPU
		{3750277A-944C-465B-8827-A4AABCCC0E92}.Release|Any CPU.Build.0 = Release|Any CPU
	EndGlobalSection
	GlobalSection(SolutionProperties) = preSolution
		HideSolutionNode = FALSE
	EndGlobalSection
	GlobalSection(NestedProjects) = preSolution
		{6B594381-3CA0-7247-951D-12F8CFEFE4F4} = {02EA681E-C7D8-13C7-8484-4AC65E1B71E8}
		{9FC40033-828E-A15F-7364-8E1FFB1B5110} = {02EA681E-C7D8-13C7-8484-4AC65E1B71E8}
		{CB4BC0DC-6F1F-B9E7-929F-51CCD43BC7F1} = {02EA681E-C7D8-13C7-8484-4AC65E1B71E8}
		{E36843A9-EB89-4CF4-3132-11CEF4ABABD0} = {02EA681E-C7D8-13C7-8484-4AC65E1B71E8}
		{8EEE46EF-8278-E455-30D8-F8FFEE724347} = {02EA681E-C7D8-13C7-8484-4AC65E1B71E8}
	EndGlobalSection
	GlobalSection(ExtensibilityGlobals) = postSolution
		SolutionGuid = {BA84090C-2CFB-408A-B5EC-C20D30B2382C}
	EndGlobalSection
EndGlobal
